
Microsoft Visual Studio Solution File, Format Version 12.00
# Visual Studio Version 17
VisualStudioVersion = 17.2.32616.157
MinimumVisualStudioVersion = 10.0.40219.1
Project("{FAE04EC0-301F-11D3-BF4B-00C04F79EFBC}") = "ManagerLibrary", "ManagerLibrary\ManagerLibrary.csproj", "{4D252A0C-4342-4525-B2D9-D6DC78E004BD}"
EndProject
Global
	GlobalSection(SolutionConfigurationPlatforms) = preSolution
		Debug|Any CPU = Debug|Any CPU
		Release|Any CPU = Release|Any CPU
	EndGlobalSection
	GlobalSection(ProjectConfigurationPlatforms) = postSolution
		{4D252A0C-4342-4525-B2D9-D6DC78E004BD}.Debug|Any CPU.ActiveCfg = Debug|Any CPU
		{4D252A0C-4342-4525-B2D9-D6DC78E004BD}.Debug|Any CPU.Build.0 = Debug|Any CPU
		{4D252A0C-4342-4525-B2D9-D6DC78E004BD}.Release|Any CPU.ActiveCfg = Release|Any CPU
		{4D252A0C-4342-4525-B2D9-D6DC78E004BD}.Release|Any CPU.Build.0 = Release|Any CPU
	EndGlobalSection
	GlobalSection(SolutionProperties) = preSolution
		HideSolutionNode = FALSE
	EndGlobalSection
	GlobalSection(ExtensibilityGlobals) = postSolution
		SolutionGuid = {D86DB3FD-B121-4A1C-A0D3-87A7A2216B22}
	EndGlobalSection
EndGlobal
